
Microsoft Visual Studio Solution File, Format Version 12.00
# Visual Studio 2013
VisualStudioVersion = 12.0.21005.1
MinimumVisualStudioVersion = 10.0.40219.1
Project("{FAE04EC0-301F-11D3-BF4B-00C04F79EFBC}") = "The_Author", "Btap\The_Author.csproj", "{46D26570-8370-4012-99E2-885985E1C661}"
EndProject
Project("{FAE04EC0-301F-11D3-BF4B-00C04F79EFBC}") = "The_Book", "The_Book\The_Book.csproj", "{CFDB1AA4-A87A-49C6-AAD9-ABA1F0E502C9}"
EndProject
Global
	GlobalSection(SolutionConfigurationPlatforms) = preSolution
		Debug|Any CPU = Debug|Any CPU
		Release|Any CPU = Release|Any CPU
	EndGlobalSection
	GlobalSection(ProjectConfigurationPlatforms) = postSolution
		{46D26570-8370-4012-99E2-885985E1C661}.Debug|Any CPU.ActiveCfg = Debug|Any CPU
		{46D26570-8370-4012-99E2-885985E1C661}.Debug|Any CPU.Build.0 = Debug|Any CPU
		{46D26570-8370-4012-99E2-885985E1C661}.Release|Any CPU.ActiveCfg = Release|Any CPU
		{46D26570-8370-4012-99E2-885985E1C661}.Release|Any CPU.Build.0 = Release|Any CPU
		{CFDB1AA4-A87A-49C6-AAD9-ABA1F0E502C9}.Debug|Any CPU.ActiveCfg = Debug|Any CPU
		{CFDB1AA4-A87A-49C6-AAD9-ABA1F0E502C9}.Debug|Any CPU.Build.0 = Debug|Any CPU
		{CFDB1AA4-A87A-49C6-AAD9-ABA1F0E502C9}.Release|Any CPU.ActiveCfg = Release|Any CPU
		{CFDB1AA4-A87A-49C6-AAD9-ABA1F0E502C9}.Release|Any CPU.Build.0 = Release|Any CPU
	EndGlobalSection
	GlobalSection(SolutionProperties) = preSolution
		HideSolutionNode = FALSE
	EndGlobalSection
EndGlobal
